// !$*UTF8*$!
{
	archiveVersion = 1;
	classes = {
	};
	objectVersion = 46;
	objects = {

/* Begin PBXBuildFile section */
		A387DCBE19A2936300694177 /* CardMatchingGame.m in Sources */ = {isa = PBXBuildFile; fileRef = A387DCBD19A2936300694177 /* CardMatchingGame.m */; };
		A3E08CE3199D040300EF8F6A /* Foundation.framework in Frameworks */ = {isa = PBXBuildFile; fileRef = A3E08CE2199D040300EF8F6A /* Foundation.framework */; };
		A3E08CE5199D040300EF8F6A /* CoreGraphics.framework in Frameworks */ = {isa = PBXBuildFile; fileRef = A3E08CE4199D040300EF8F6A /* CoreGraphics.framework */; };
		A3E08CE7199D040300EF8F6A /* UIKit.framework in Frameworks */ = {isa = PBXBuildFile; fileRef = A3E08CE6199D040300EF8F6A /* UIKit.framework */; };
		A3E08CED199D040300EF8F6A /* InfoPlist.strings in Resources */ = {isa = PBXBuildFile; fileRef = A3E08CEB199D040300EF8F6A /* InfoPlist.strings */; };
		A3E08CEF199D040300EF8F6A /* main.m in Sources */ = {isa = PBXBuildFile; fileRef = A3E08CEE199D040300EF8F6A /* main.m */; };
		A3E08CF3199D040300EF8F6A /* CardGameAppDelegate.m in Sources */ = {isa = PBXBuildFile; fileRef = A3E08CF2199D040300EF8F6A /* CardGameAppDelegate.m */; };
		A3E08CF6199D040300EF8F6A /* Main_iPhone.storyboard in Resources */ = {isa = PBXBuildFile; fileRef = A3E08CF4199D040300EF8F6A /* Main_iPhone.storyboard */; };
		A3E08CF9199D040300EF8F6A /* Main_iPad.storyboard in Resources */ = {isa = PBXBuildFile; fileRef = A3E08CF7199D040300EF8F6A /* Main_iPad.storyboard */; };
		A3E08CFC199D040300EF8F6A /* CardGameViewController.m in Sources */ = {isa = PBXBuildFile; fileRef = A3E08CFB199D040300EF8F6A /* CardGameViewController.m */; };
		A3E08CFE199D040300EF8F6A /* Images.xcassets in Resources */ = {isa = PBXBuildFile; fileRef = A3E08CFD199D040300EF8F6A /* Images.xcassets */; };
		A3E08D05199D040300EF8F6A /* XCTest.framework in Frameworks */ = {isa = PBXBuildFile; fileRef = A3E08D04199D040300EF8F6A /* XCTest.framework */; };
		A3E08D06199D040300EF8F6A /* Foundation.framework in Frameworks */ = {isa = PBXBuildFile; fileRef = A3E08CE2199D040300EF8F6A /* Foundation.framework */; };
		A3E08D07199D040300EF8F6A /* UIKit.framework in Frameworks */ = {isa = PBXBuildFile; fileRef = A3E08CE6199D040300EF8F6A /* UIKit.framework */; };
		A3E08D0F199D040300EF8F6A /* InfoPlist.strings in Resources */ = {isa = PBXBuildFile; fileRef = A3E08D0D199D040300EF8F6A /* InfoPlist.strings */; };
		A3E08D11199D040300EF8F6A /* MatchismoTests.m in Sources */ = {isa = PBXBuildFile; fileRef = A3E08D10199D040300EF8F6A /* MatchismoTests.m */; };
		A3E08D20199E504400EF8F6A /* Card.m in Sources */ = {isa = PBXBuildFile; fileRef = A3E08D1F199E504400EF8F6A /* Card.m */; };
		A3E08D24199FE35800EF8F6A /* PlayingCard.m in Sources */ = {isa = PBXBuildFile; fileRef = A3E08D23199FE35800EF8F6A /* PlayingCard.m */; };
		A3E08D27199FE38A00EF8F6A /* Deck.m in Sources */ = {isa = PBXBuildFile; fileRef = A3E08D26199FE38A00EF8F6A /* Deck.m */; };
		A3E08D2A19A0032B00EF8F6A /* PlayingCardDeck.m in Sources */ = {isa = PBXBuildFile; fileRef = A3E08D2919A0032B00EF8F6A /* PlayingCardDeck.m */; };
/* End PBXBuildFile section */

/* Begin PBXContainerItemProxy section */
		A3E08D08199D040300EF8F6A /* PBXContainerItemProxy */ = {
			isa = PBXContainerItemProxy;
			containerPortal = A3E08CD7199D040300EF8F6A /* Project object */;
			proxyType = 1;
			remoteGlobalIDString = A3E08CDE199D040300EF8F6A;
			remoteInfo = Matchismo;
		};
/* End PBXContainerItemProxy section */

/* Begin PBXFileReference section */
		A387DCBC19A2936300694177 /* CardMatchingGame.h */ = {isa = PBXFileReference; fileEncoding = 4; lastKnownFileType = sourcecode.c.h; name = CardMatchingGame.h; path = Model/CardMatchingGame.h; sourceTree = "<group>"; };
		A387DCBD19A2936300694177 /* CardMatchingGame.m */ = {isa = PBXFileReference; fileEncoding = 4; lastKnownFileType = sourcecode.c.objc; name = CardMatchingGame.m; path = Model/CardMatchingGame.m; sourceTree = "<group>"; };
		A3E08CDF199D040300EF8F6A /* Matchismo.app */ = {isa = PBXFileReference; explicitFileType = wrapper.application; includeInIndex = 0; path = Matchismo.app; sourceTree = BUILT_PRODUCTS_DIR; };
		A3E08CE2199D040300EF8F6A /* Foundation.framework */ = {isa = PBXFileReference; lastKnownFileType = wrapper.framework; name = Foundation.framework; path = System/Library/Frameworks/Foundation.framework; sourceTree = SDKROOT; };
		A3E08CE4199D040300EF8F6A /* CoreGraphics.framework */ = {isa = PBXFileReference; lastKnownFileType = wrapper.framework; name = CoreGraphics.framework; path = System/Library/Frameworks/CoreGraphics.framework; sourceTree = SDKROOT; };
		A3E08CE6199D040300EF8F6A /* UIKit.framework */ = {isa = PBXFileReference; lastKnownFileType = wrapper.framework; name = UIKit.framework; path = System/Library/Frameworks/UIKit.framework; sourceTree = SDKROOT; };
		A3E08CEA199D040300EF8F6A /* Matchismo-Info.plist */ = {isa = PBXFileReference; lastKnownFileType = text.plist.xml; path = "Matchismo-Info.plist"; sourceTree = "<group>"; };
		A3E08CEC199D040300EF8F6A /* en */ = {isa = PBXFileReference; lastKnownFileType = text.plist.strings; name = en; path = en.lproj/InfoPlist.strings; sourceTree = "<group>"; };
		A3E08CEE199D040300EF8F6A /* main.m */ = {isa = PBXFileReference; lastKnownFileType = sourcecode.c.objc; path = main.m; sourceTree = "<group>"; };
		A3E08CF0199D040300EF8F6A /* Matchismo-Prefix.pch */ = {isa = PBXFileReference; lastKnownFileType = sourcecode.c.h; path = "Matchismo-Prefix.pch"; sourceTree = "<group>"; };
		A3E08CF1199D040300EF8F6A /* CardGameAppDelegate.h */ = {isa = PBXFileReference; lastKnownFileType = sourcecode.c.h; path = CardGameAppDelegate.h; sourceTree = "<group>"; };
		A3E08CF2199D040300EF8F6A /* CardGameAppDelegate.m */ = {isa = PBXFileReference; lastKnownFileType = sourcecode.c.objc; path = CardGameAppDelegate.m; sourceTree = "<group>"; };
		A3E08CF5199D040300EF8F6A /* Base */ = {isa = PBXFileReference; lastKnownFileType = file.storyboard; name = Base; path = Base.lproj/Main_iPhone.storyboard; sourceTree = "<group>"; };
		A3E08CF8199D040300EF8F6A /* Base */ = {isa = PBXFileReference; lastKnownFileType = file.storyboard; name = Base; path = Base.lproj/Main_iPad.storyboard; sourceTree = "<group>"; };
		A3E08CFA199D040300EF8F6A /* CardGameViewController.h */ = {isa = PBXFileReference; lastKnownFileType = sourcecode.c.h; path = CardGameViewController.h; sourceTree = "<group>"; };
		A3E08CFB199D040300EF8F6A /* CardGameViewController.m */ = {isa = PBXFileReference; lastKnownFileType = sourcecode.c.objc; path = CardGameViewController.m; sourceTree = "<group>"; };
		A3E08CFD199D040300EF8F6A /* Images.xcassets */ = {isa = PBXFileReference; lastKnownFileType = folder.assetcatalog; path = Images.xcassets; sourceTree = "<group>"; };
		A3E08D03199D040300EF8F6A /* MatchismoTests.xctest */ = {isa = PBXFileReference; explicitFileType = wrapper.cfbundle; includeInIndex = 0; path = MatchismoTests.xctest; sourceTree = BUILT_PRODUCTS_DIR; };
		A3E08D04199D040300EF8F6A /* XCTest.framework */ = {isa = PBXFileReference; lastKnownFileType = wrapper.framework; name = XCTest.framework; path = Library/Frameworks/XCTest.framework; sourceTree = DEVELOPER_DIR; };
		A3E08D0C199D040300EF8F6A /* MatchismoTests-Info.plist */ = {isa = PBXFileReference; lastKnownFileType = text.plist.xml; path = "MatchismoTests-Info.plist"; sourceTree = "<group>"; };
		A3E08D0E199D040300EF8F6A /* en */ = {isa = PBXFileReference; lastKnownFileType = text.plist.strings; name = en; path = en.lproj/InfoPlist.strings; sourceTree = "<group>"; };
		A3E08D10199D040300EF8F6A /* MatchismoTests.m */ = {isa = PBXFileReference; lastKnownFileType = sourcecode.c.objc; path = MatchismoTests.m; sourceTree = "<group>"; };
		A3E08D1E199E504400EF8F6A /* Card.h */ = {isa = PBXFileReference; fileEncoding = 4; lastKnownFileType = sourcecode.c.h; name = Card.h; path = Model/Card.h; sourceTree = "<group>"; };
		A3E08D1F199E504400EF8F6A /* Card.m */ = {isa = PBXFileReference; fileEncoding = 4; lastKnownFileType = sourcecode.c.objc; name = Card.m; path = Model/Card.m; sourceTree = "<group>"; };
		A3E08D22199FE35800EF8F6A /* PlayingCard.h */ = {isa = PBXFileReference; fileEncoding = 4; lastKnownFileType = sourcecode.c.h; name = PlayingCard.h; path = Model/PlayingCard.h; sourceTree = "<group>"; };
		A3E08D23199FE35800EF8F6A /* PlayingCard.m */ = {isa = PBXFileReference; fileEncoding = 4; lastKnownFileType = sourcecode.c.objc; name = PlayingCard.m; path = Model/PlayingCard.m; sourceTree = "<group>"; };
		A3E08D25199FE38A00EF8F6A /* Deck.h */ = {isa = PBXFileReference; fileEncoding = 4; lastKnownFileType = sourcecode.c.h; name = Deck.h; path = Model/Deck.h; sourceTree = "<group>"; };
		A3E08D26199FE38A00EF8F6A /* Deck.m */ = {isa = PBXFileReference; fileEncoding = 4; lastKnownFileType = sourcecode.c.objc; name = Deck.m; path = Model/Deck.m; sourceTree = "<group>"; };
		A3E08D2819A0032B00EF8F6A /* PlayingCardDeck.h */ = {isa = PBXFileReference; fileEncoding = 4; lastKnownFileType = sourcecode.c.h; name = PlayingCardDeck.h; path = Model/PlayingCardDeck.h; sourceTree = "<group>"; };
		A3E08D2919A0032B00EF8F6A /* PlayingCardDeck.m */ = {isa = PBXFileReference; fileEncoding = 4; lastKnownFileType = sourcecode.c.objc; name = PlayingCardDeck.m; path = Model/PlayingCardDeck.m; sourceTree = "<group>"; };
/* End PBXFileReference section */

/* Begin PBXFrameworksBuildPhase section */
		A3E08CDC199D040300EF8F6A /* Frameworks */ = {
			isa = PBXFrameworksBuildPhase;
			buildActionMask = 2147483647;
			files = (
				A3E08CE5199D040300EF8F6A /* CoreGraphics.framework in Frameworks */,
				A3E08CE7199D040300EF8F6A /* UIKit.framework in Frameworks */,
				A3E08CE3199D040300EF8F6A /* Foundation.framework in Frameworks */,
			);
			runOnlyForDeploymentPostprocessing = 0;
		};
		A3E08D00199D040300EF8F6A /* Frameworks */ = {
			isa = PBXFrameworksBuildPhase;
			buildActionMask = 2147483647;
			files = (
				A3E08D05199D040300EF8F6A /* XCTest.framework in Frameworks */,
				A3E08D07199D040300EF8F6A /* UIKit.framework in Frameworks */,
				A3E08D06199D040300EF8F6A /* Foundation.framework in Frameworks */,
			);
			runOnlyForDeploymentPostprocessing = 0;
		};
/* End PBXFrameworksBuildPhase section */

/* Begin PBXGroup section */
		A3E08CD6199D040300EF8F6A = {
			isa = PBXGroup;
			children = (
				A3E08CE8199D040300EF8F6A /* Matchismo */,
				A3E08D0A199D040300EF8F6A /* MatchismoTests */,
				A3E08CE1199D040300EF8F6A /* Frameworks */,
				A3E08CE0199D040300EF8F6A /* Products */,
			);
			sourceTree = "<group>";
		};
		A3E08CE0199D040300EF8F6A /* Products */ = {
			isa = PBXGroup;
			children = (
				A3E08CDF199D040300EF8F6A /* Matchismo.app */,
				A3E08D03199D040300EF8F6A /* MatchismoTests.xctest */,
			);
			name = Products;
			sourceTree = "<group>";
		};
		A3E08CE1199D040300EF8F6A /* Frameworks */ = {
			isa = PBXGroup;
			children = (
				A3E08CE2199D040300EF8F6A /* Foundation.framework */,
				A3E08CE4199D040300EF8F6A /* CoreGraphics.framework */,
				A3E08CE6199D040300EF8F6A /* UIKit.framework */,
				A3E08D04199D040300EF8F6A /* XCTest.framework */,
			);
			name = Frameworks;
			sourceTree = "<group>";
		};
		A3E08CE8199D040300EF8F6A /* Matchismo */ = {
			isa = PBXGroup;
			children = (
				A3E08CF4199D040300EF8F6A /* Main_iPhone.storyboard */,
				A3E08CF7199D040300EF8F6A /* Main_iPad.storyboard */,
				A3E08CFA199D040300EF8F6A /* CardGameViewController.h */,
				A3E08CFB199D040300EF8F6A /* CardGameViewController.m */,
				A3E08D21199E504B00EF8F6A /* Model */,
				A3E08CFD199D040300EF8F6A /* Images.xcassets */,
				A3E08CE9199D040300EF8F6A /* Supporting Files */,
			);
			path = Matchismo;
			sourceTree = "<group>";
		};
		A3E08CE9199D040300EF8F6A /* Supporting Files */ = {
			isa = PBXGroup;
			children = (
				A3E08CF1199D040300EF8F6A /* CardGameAppDelegate.h */,
				A3E08CF2199D040300EF8F6A /* CardGameAppDelegate.m */,
				A3E08CEA199D040300EF8F6A /* Matchismo-Info.plist */,
				A3E08CEB199D040300EF8F6A /* InfoPlist.strings */,
				A3E08CEE199D040300EF8F6A /* main.m */,
				A3E08CF0199D040300EF8F6A /* Matchismo-Prefix.pch */,
			);
			name = "Supporting Files";
			sourceTree = "<group>";
		};
		A3E08D0A199D040300EF8F6A /* MatchismoTests */ = {
			isa = PBXGroup;
			children = (
				A3E08D10199D040300EF8F6A /* MatchismoTests.m */,
				A3E08D0B199D040300EF8F6A /* Supporting Files */,
			);
			path = MatchismoTests;
			sourceTree = "<group>";
		};
		A3E08D0B199D040300EF8F6A /* Supporting Files */ = {
			isa = PBXGroup;
			children = (
				A3E08D0C199D040300EF8F6A /* MatchismoTests-Info.plist */,
				A3E08D0D199D040300EF8F6A /* InfoPlist.strings */,
			);
			name = "Supporting Files";
			sourceTree = "<group>";
		};
		A3E08D21199E504B00EF8F6A /* Model */ = {
			isa = PBXGroup;
			children = (
				A387DCBC19A2936300694177 /* CardMatchingGame.h */,
				A387DCBD19A2936300694177 /* CardMatchingGame.m */,
				A3E08D1E199E504400EF8F6A /* Card.h */,
				A3E08D1F199E504400EF8F6A /* Card.m */,
				A3E08D22199FE35800EF8F6A /* PlayingCard.h */,
				A3E08D2819A0032B00EF8F6A /* PlayingCardDeck.h */,
				A3E08D2919A0032B00EF8F6A /* PlayingCardDeck.m */,
				A3E08D23199FE35800EF8F6A /* PlayingCard.m */,
				A3E08D25199FE38A00EF8F6A /* Deck.h */,
				A3E08D26199FE38A00EF8F6A /* Deck.m */,
			);
			name = Model;
			sourceTree = "<group>";
		};
/* End PBXGroup section */

/* Begin PBXNativeTarget section */
		A3E08CDE199D040300EF8F6A /* Matchismo */ = {
			isa = PBXNativeTarget;
			buildConfigurationList = A3E08D14199D040300EF8F6A /* Build configuration list for PBXNativeTarget "Matchismo" */;
			buildPhases = (
				A3E08CDB199D040300EF8F6A /* Sources */,
				A3E08CDC199D040300EF8F6A /* Frameworks */,
				A3E08CDD199D040300EF8F6A /* Resources */,
			);
			buildRules = (
			);
			dependencies = (
			);
			name = Matchismo;
			productName = Matchismo;
			productReference = A3E08CDF199D040300EF8F6A /* Matchismo.app */;
			productType = "com.apple.product-type.application";
		};
		A3E08D02199D040300EF8F6A /* MatchismoTests */ = {
			isa = PBXNativeTarget;
			buildConfigurationList = A3E08D17199D040300EF8F6A /* Build configuration list for PBXNativeTarget "MatchismoTests" */;
			buildPhases = (
				A3E08CFF199D040300EF8F6A /* Sources */,
				A3E08D00199D040300EF8F6A /* Frameworks */,
				A3E08D01199D040300EF8F6A /* Resources */,
			);
			buildRules = (
			);
			dependencies = (
				A3E08D09199D040300EF8F6A /* PBXTargetDependency */,
			);
			name = MatchismoTests;
			productName = MatchismoTests;
			productReference = A3E08D03199D040300EF8F6A /* MatchismoTests.xctest */;
			productType = "com.apple.product-type.bundle.unit-test";
		};
/* End PBXNativeTarget section */

/* Begin PBXProject section */
		A3E08CD7199D040300EF8F6A /* Project object */ = {
			isa = PBXProject;
			attributes = {
				CLASSPREFIX = CardGame;
				LastUpgradeCheck = 0510;
				ORGANIZATIONNAME = Xu;
				TargetAttributes = {
					A3E08D02199D040300EF8F6A = {
						TestTargetID = A3E08CDE199D040300EF8F6A;
					};
				};
			};
			buildConfigurationList = A3E08CDA199D040300EF8F6A /* Build configuration list for PBXProject "Matchismo" */;
			compatibilityVersion = "Xcode 3.2";
			developmentRegion = English;
			hasScannedForEncodings = 0;
			knownRegions = (
				en,
				Base,
			);
			mainGroup = A3E08CD6199D040300EF8F6A;
			productRefGroup = A3E08CE0199D040300EF8F6A /* Products */;
			projectDirPath = "";
			projectRoot = "";
			targets = (
				A3E08CDE199D040300EF8F6A /* Matchismo */,
				A3E08D02199D040300EF8F6A /* MatchismoTests */,
			);
		};
/* End PBXProject section */

/* Begin PBXResourcesBuildPhase section */
		A3E08CDD199D040300EF8F6A /* Resources */ = {
			isa = PBXResourcesBuildPhase;
			buildActionMask = 2147483647;
			files = (
				A3E08CF9199D040300EF8F6A /* Main_iPad.storyboard in Resources */,
				A3E08CFE199D040300EF8F6A /* Images.xcassets in Resources */,
				A3E08CF6199D040300EF8F6A /* Main_iPhone.storyboard in Resources */,
				A3E08CED199D040300EF8F6A /* InfoPlist.strings in Resources */,
			);
			runOnlyForDeploymentPostprocessing = 0;
		};
		A3E08D01199D040300EF8F6A /* Resources */ = {
			isa = PBXResourcesBuildPhase;
			buildActionMask = 2147483647;
			files = (
				A3E08D0F199D040300EF8F6A /* InfoPlist.strings in Resources */,
			);
			runOnlyForDeploymentPostprocessing = 0;
		};
/* End PBXResourcesBuildPhase section */

/* Begin PBXSourcesBuildPhase section */
		A3E08CDB199D040300EF8F6A /* Sources */ = {
			isa = PBXSourcesBuildPhase;
			buildActionMask = 2147483647;
			files = (
				A3E08CF3199D040300EF8F6A /* CardGameAppDelegate.m in Sources */,
				A3E08CFC199D040300EF8F6A /* CardGameViewController.m in Sources */,
				A3E08CEF199D040300EF8F6A /* main.m in Sources */,
				A3E08D24199FE35800EF8F6A /* PlayingCard.m in Sources */,
				A387DCBE19A2936300694177 /* CardMatchingGame.m in Sources */,
				A3E08D2A19A0032B00EF8F6A /* PlayingCardDeck.m in Sources */,
				A3E08D27199FE38A00EF8F6A /* Deck.m in Sources */,
				A3E08D20199E504400EF8F6A /* Card.m in Sources */,
			);
			runOnlyForDeploymentPostprocessing = 0;
		};
		A3E08CFF199D040300EF8F6A /* Sources */ = {
			isa = PBXSourcesBuildPhase;
			buildActionMask = 2147483647;
			files = (
				A3E08D11199D040300EF8F6A /* MatchismoTests.m in Sources */,
			);
			runOnlyForDeploymentPostprocessing = 0;
		};
/* End PBXSourcesBuildPhase section */

/* Begin PBXTargetDependency section */
		A3E08D09199D040300EF8F6A /* PBXTargetDependency */ = {
			isa = PBXTargetDependency;
			target = A3E08CDE199D040300EF8F6A /* Matchismo */;
			targetProxy = A3E08D08199D040300EF8F6A /* PBXContainerItemProxy */;
		};
/* End PBXTargetDependency section */

/* Begin PBXVariantGroup section */
		A3E08CEB199D040300EF8F6A /* InfoPlist.strings */ = {
			isa = PBXVariantGroup;
			children = (
				A3E08CEC199D040300EF8F6A /* en */,
			);
			name = InfoPlist.strings;
			sourceTree = "<group>";
		};
		A3E08CF4199D040300EF8F6A /* Main_iPhone.storyboard */ = {
			isa = PBXVariantGroup;
			children = (
				A3E08CF5199D040300EF8F6A /* Base */,
			);
			name = Main_iPhone.storyboard;
			sourceTree = "<group>";
		};
		A3E08CF7199D040300EF8F6A /* Main_iPad.storyboard */ = {
			isa = PBXVariantGroup;
			children = (
				A3E08CF8199D040300EF8F6A /* Base */,
			);
			name = Main_iPad.storyboard;
			sourceTree = "<group>";
		};
		A3E08D0D199D040300EF8F6A /* InfoPlist.strings */ = {
			isa = PBXVariantGroup;
			children = (
				A3E08D0E199D040300EF8F6A /* en */,
			);
			name = InfoPlist.strings;
			sourceTree = "<group>";
		};
/* End PBXVariantGroup section */

/* Begin XCBuildConfiguration section */
		A3E08D12199D040300EF8F6A /* Debug */ = {
			isa = XCBuildConfiguration;
			buildSettings = {
				ALWAYS_SEARCH_USER_PATHS = NO;
				CLANG_CXX_LANGUAGE_STANDARD = "gnu++0x";
				CLANG_CXX_LIBRARY = "libc++";
				CLANG_ENABLE_MODULES = YES;
				CLANG_ENABLE_OBJC_ARC = YES;
				CLANG_WARN_BOOL_CONVERSION = YES;
				CLANG_WARN_CONSTANT_CONVERSION = YES;
				CLANG_WARN_DIRECT_OBJC_ISA_USAGE = YES_ERROR;
				CLANG_WARN_EMPTY_BODY = YES;
				CLANG_WARN_ENUM_CONVERSION = YES;
				CLANG_WARN_INT_CONVERSION = YES;
				CLANG_WARN_OBJC_ROOT_CLASS = YES_ERROR;
				CLANG_WARN__DUPLICATE_METHOD_MATCH = YES;
				"CODE_SIGN_IDENTITY[sdk=iphoneos*]" = "iPhone Developer";
				COPY_PHASE_STRIP = NO;
				GCC_C_LANGUAGE_STANDARD = gnu99;
				GCC_DYNAMIC_NO_PIC = NO;
				GCC_OPTIMIZATION_LEVEL = 0;
				GCC_PREPROCESSOR_DEFINITIONS = (
					"DEBUG=1",
					"$(inherited)",
				);
				GCC_SYMBOLS_PRIVATE_EXTERN = NO;
				GCC_WARN_64_TO_32_BIT_CONVERSION = YES;
				GCC_WARN_ABOUT_RETURN_TYPE = YES_ERROR;
				GCC_WARN_UNDECLARED_SELECTOR = YES;
				GCC_WARN_UNINITIALIZED_AUTOS = YES_AGGRESSIVE;
				GCC_WARN_UNUSED_FUNCTION = YES;
				GCC_WARN_UNUSED_VARIABLE = YES;
				IPHONEOS_DEPLOYMENT_TARGET = 7.1;
				ONLY_ACTIVE_ARCH = YES;
				SDKROOT = iphoneos;
				TARGETED_DEVICE_FAMILY = "1,2";
			};
			name = Debug;
		};
		A3E08D13199D040300EF8F6A /* Release */ = {
			isa = XCBuildConfiguration;
			buildSettings = {
				ALWAYS_SEARCH_USER_PATHS = NO;
				CLANG_CXX_LANGUAGE_STANDARD = "gnu++0x";
				CLANG_CXX_LIBRARY = "libc++";
				CLANG_ENABLE_MODULES = YES;
				CLANG_ENABLE_OBJC_ARC = YES;
				CLANG_WARN_BOOL_CONVERSION = YES;
				CLANG_WARN_CONSTANT_CONVERSION = YES;
				CLANG_WARN_DIRECT_OBJC_ISA_USAGE = YES_ERROR;
				CLANG_WARN_EMPTY_BODY = YES;
				CLANG_WARN_ENUM_CONVERSION = YES;
				CLANG_WARN_INT_CONVERSION = YES;
				CLANG_WARN_OBJC_ROOT_CLASS = YES_ERROR;
				CLANG_WARN__DUPLICATE_METHOD_MATCH = YES;
				"CODE_SIGN_IDENTITY[sdk=iphoneos*]" = "iPhone Developer";
				COPY_PHASE_STRIP = YES;
				ENABLE_NS_ASSERTIONS = NO;
				GCC_C_LANGUAGE_STANDARD = gnu99;
				GCC_WARN_64_TO_32_BIT_CONVERSION = YES;
				GCC_WARN_ABOUT_RETURN_TYPE = YES_ERROR;
				GCC_WARN_UNDECLARED_SELECTOR = YES;
				GCC_WARN_UNINITIALIZED_AUTOS = YES_AGGRESSIVE;
				GCC_WARN_UNUSED_FUNCTION = YES;
				GCC_WARN_UNUSED_VARIABLE = YES;
				IPHONEOS_DEPLOYMENT_TARGET = 7.1;
				SDKROOT = iphoneos;
				TARGETED_DEVICE_FAMILY = "1,2";
				VALIDATE_PRODUCT = YES;
			};
			name = Release;
		};
		A3E08D15199D040300EF8F6A /* Debug */ = {
			isa = XCBuildConfiguration;
			buildSettings = {
				ASSETCATALOG_COMPILER_APPICON_NAME = AppIcon;
				ASSETCATALOG_COMPILER_LAUNCHIMAGE_NAME = LaunchImage;
				GCC_PRECOMPILE_PREFIX_HEADER = YES;
				GCC_PREFIX_HEADER = "Matchismo/Matchismo-Prefix.pch";
				INFOPLIST_FILE = "Matchismo/Matchismo-Info.plist";
				PRODUCT_NAME = "$(TARGET_NAME)";
				WRAPPER_EXTENSION = app;
			};
			name = Debug;
		};
		A3E08D16199D040300EF8F6A /* Release */ = {
			isa = XCBuildConfiguration;
			buildSettings = {
				ASSETCATALOG_COMPILER_APPICON_NAME = AppIcon;
				ASSETCATALOG_COMPILER_LAUNCHIMAGE_NAME = LaunchImage;
				GCC_PRECOMPILE_PREFIX_HEADER = YES;
				GCC_PREFIX_HEADER = "Matchismo/Matchismo-Prefix.pch";
				INFOPLIST_FILE = "Matchismo/Matchismo-Info.plist";
				PRODUCT_NAME = "$(TARGET_NAME)";
				WRAPPER_EXTENSION = app;
			};
			name = Release;
		};
		A3E08D18199D040300EF8F6A /* Debug */ = {
			isa = XCBuildConfiguration;
			buildSettings = {
				BUNDLE_LOADER = "$(BUILT_PRODUCTS_DIR)/Matchismo.app/Matchismo";
				FRAMEWORK_SEARCH_PATHS = (
					"$(SDKROOT)/Developer/Library/Frameworks",
					"$(inherited)",
					"$(DEVELOPER_FRAMEWORKS_DIR)",
				);
				GCC_PRECOMPILE_PREFIX_HEADER = YES;
				GCC_PREFIX_HEADER = "Matchismo/Matchismo-Prefix.pch";
				GCC_PREPROCESSOR_DEFINITIONS = (
					"DEBUG=1",
					"$(inherited)",
				);
				INFOPLIST_FILE = "MatchismoTests/MatchismoTests-Info.plist";
				PRODUCT_NAME = "$(TARGET_NAME)";
				TEST_HOST = "$(BUNDLE_LOADER)";
				WRAPPER_EXTENSION = xctest;
			};
			name = Debug;
		};
		A3E08D19199D040300EF8F6A /* Release */ = {
			isa = XCBuildConfiguration;
			buildSettings = {
				BUNDLE_LOADER = "$(BUILT_PRODUCTS_DIR)/Matchismo.app/Matchismo";
				FRAMEWORK_SEARCH_PATHS = (
					"$(SDKROOT)/Developer/Library/Frameworks",
					"$(inherited)",
					"$(DEVELOPER_FRAMEWORKS_DIR)",
				);
				GCC_PRECOMPILE_PREFIX_HEADER = YES;
				GCC_PREFIX_HEADER = "Matchismo/Matchismo-Prefix.pch";
				INFOPLIST_FILE = "MatchismoTests/MatchismoTests-Info.plist";
				PRODUCT_NAME = "$(TARGET_NAME)";
				TEST_HOST = "$(BUNDLE_LOADER)";
				WRAPPER_EXTENSION = xctest;
			};
			name = Release;
		};
/* End XCBuildConfiguration section */

/* Begin XCConfigurationList section */
		A3E08CDA199D040300EF8F6A /* Build configuration list for PBXProject "Matchismo" */ = {
			isa = XCConfigurationList;
			buildConfigurations = (
				A3E08D12199D040300EF8F6A /* Debug */,
				A3E08D13199D040300EF8F6A /* Release */,
			);
			defaultConfigurationIsVisible = 0;
			defaultConfigurationName = Release;
		};
		A3E08D14199D040300EF8F6A /* Build configuration list for PBXNativeTarget "Matchismo" */ = {
			isa = XCConfigurationList;
			buildConfigurations = (
				A3E08D15199D040300EF8F6A /* Debug */,
				A3E08D16199D040300EF8F6A /* Release */,
			);
			defaultConfigurationIsVisible = 0;
			defaultConfigurationName = Release;
		};
		A3E08D17199D040300EF8F6A /* Build configuration list for PBXNativeTarget "MatchismoTests" */ = {
			isa = XCConfigurationList;
			buildConfigurations = (
				A3E08D18199D040300EF8F6A /* Debug */,
				A3E08D19199D040300EF8F6A /* Release */,
			);
			defaultConfigurationIsVisible = 0;
			defaultConfigurationName = Release;
		};
/* End XCConfigurationList section */
	};
	rootObject = A3E08CD7199D040300EF8F6A /* Project object */;
}
